// !$*UTF8*$!
{
	archiveVersion = 1;
	classes = {
	};
	objectVersion = 56;
	objects = {

/* Begin PBXBuildFile section */
		C63E7C192AD6EC3F002696DE /* RecordViewController.swift in Sources */ = {isa = PBXBuildFile; fileRef = C63E7C182AD6EC3F002696DE /* RecordViewController.swift */; };
		C63E7C1B2AD6EC46002696DE /* RecordScreen.storyboard in Resources */ = {isa = PBXBuildFile; fileRef = C63E7C1A2AD6EC46002696DE /* RecordScreen.storyboard */; };
		C643D4282ACC134800373727 /* FruitsType.swift in Sources */ = {isa = PBXBuildFile; fileRef = C643D4272ACC134800373727 /* FruitsType.swift */; };
		C643D42A2ACC143100373727 /* RareFruitsType.swift in Sources */ = {isa = PBXBuildFile; fileRef = C643D4292ACC143100373727 /* RareFruitsType.swift */; };
		C643D4352ACC535D00373727 /* RareFruitMock.swift in Sources */ = {isa = PBXBuildFile; fileRef = C643D4342ACC535D00373727 /* RareFruitMock.swift */; };
		C64714202AC4584200C31FC3 /* MainMenuViewController.swift in Sources */ = {isa = PBXBuildFile; fileRef = C647141F2AC4584200C31FC3 /* MainMenuViewController.swift */; };
		C6486DE62AD7F26800A124EB /* Int.swift in Sources */ = {isa = PBXBuildFile; fileRef = C6486DE52AD7F26800A124EB /* Int.swift */; };
		C6486DE82AD7F33600A124EB /* Bool.swift in Sources */ = {isa = PBXBuildFile; fileRef = C6486DE72AD7F33600A124EB /* Bool.swift */; };
		C6486DEA2AD7FD8600A124EB /* GameOverScene.swift in Sources */ = {isa = PBXBuildFile; fileRef = C6486DE92AD7FD8600A124EB /* GameOverScene.swift */; };
		C6486DEC2AD7FDD300A124EB /* GameOverScene.sks in Resources */ = {isa = PBXBuildFile; fileRef = C6486DEB2AD7FDD300A124EB /* GameOverScene.sks */; };
		C6486DF02AD801CB00A124EB /* collected.mp3 in Resources */ = {isa = PBXBuildFile; fileRef = C6486DEF2AD801CB00A124EB /* collected.mp3 */; };
		C6486DF82AD83DD100A124EB /* GameAudio.swift in Sources */ = {isa = PBXBuildFile; fileRef = C6486DF72AD83DD100A124EB /* GameAudio.swift */; };
		C649B3E22AD92D8900989FC7 /* background.mp3 in Resources */ = {isa = PBXBuildFile; fileRef = C649B3E12AD92D8900989FC7 /* background.mp3 */; };
		C649B3E42AD9339700989FC7 /* game-over.wav in Resources */ = {isa = PBXBuildFile; fileRef = C649B3E32AD9339700989FC7 /* game-over.wav */; };
		C649B3E62AD9367800989FC7 /* switch-skin.mp3 in Resources */ = {isa = PBXBuildFile; fileRef = C649B3E52AD9367800989FC7 /* switch-skin.mp3 */; };
		C649B3E82AD93D2700989FC7 /* buy-skin.wav in Resources */ = {isa = PBXBuildFile; fileRef = C649B3E72AD93D2700989FC7 /* buy-skin.wav */; };
		C64E04662AC5C57F004C00DF /* FruitCatNode.swift in Sources */ = {isa = PBXBuildFile; fileRef = C64E04652AC5C57F004C00DF /* FruitCatNode.swift */; };
		C64E04682AC5C60C004C00DF /* FruitCat.swift in Sources */ = {isa = PBXBuildFile; fileRef = C64E04672AC5C60C004C00DF /* FruitCat.swift */; };
		C651A6DD2AC71444002AC743 /* PhysicsCategory.swift in Sources */ = {isa = PBXBuildFile; fileRef = C651A6DC2AC71444002AC743 /* PhysicsCategory.swift */; };
		C651A6DF2AC72262002AC743 /* Fruit.swift in Sources */ = {isa = PBXBuildFile; fileRef = C651A6DE2AC72262002AC743 /* Fruit.swift */; };
		C651A6E12AC72311002AC743 /* FruitNode.swift in Sources */ = {isa = PBXBuildFile; fileRef = C651A6E02AC72311002AC743 /* FruitNode.swift */; };
		C656444B2AD4231700A82AC1 /* CGFloat.swift in Sources */ = {isa = PBXBuildFile; fileRef = C656444A2AD4231700A82AC1 /* CGFloat.swift */; };
		C6643E0A2ACAA55400C2E9B7 /* Constants.swift in Sources */ = {isa = PBXBuildFile; fileRef = C6643E092ACAA55400C2E9B7 /* Constants.swift */; };
		C6643E0C2ACAF09400C2E9B7 /* ButtonArrow.swift in Sources */ = {isa = PBXBuildFile; fileRef = C6643E0B2ACAF09400C2E9B7 /* ButtonArrow.swift */; };
		C6643E0E2ACAF14600C2E9B7 /* ButtonArrowNode.swift in Sources */ = {isa = PBXBuildFile; fileRef = C6643E0D2ACAF14600C2E9B7 /* ButtonArrowNode.swift */; };
		C6643E102ACAFC9F00C2E9B7 /* FruitsStorage.swift in Sources */ = {isa = PBXBuildFile; fileRef = C6643E0F2ACAFC9F00C2E9B7 /* FruitsStorage.swift */; };
		C6643E122ACAFE8B00C2E9B7 /* RareFruit.swift in Sources */ = {isa = PBXBuildFile; fileRef = C6643E112ACAFE8B00C2E9B7 /* RareFruit.swift */; };
		C6708D642AD573270056ED34 /* SkinsMock.swift in Sources */ = {isa = PBXBuildFile; fileRef = C6708D632AD573270056ED34 /* SkinsMock.swift */; };
		C6708D672AD574970056ED34 /* SkinType.swift in Sources */ = {isa = PBXBuildFile; fileRef = C6708D662AD574970056ED34 /* SkinType.swift */; };
		C6708D692AD5750D0056ED34 /* SkinProtocol.swift in Sources */ = {isa = PBXBuildFile; fileRef = C6708D682AD5750D0056ED34 /* SkinProtocol.swift */; };
		C6708D6B2AD578770056ED34 /* Skin.swift in Sources */ = {isa = PBXBuildFile; fileRef = C6708D6A2AD578770056ED34 /* Skin.swift */; };
		C6708D6D2AD578A80056ED34 /* RareFruitProtocol.swift in Sources */ = {isa = PBXBuildFile; fileRef = C6708D6C2AD578A80056ED34 /* RareFruitProtocol.swift */; };
		C69DF9BB2AC082E800EF31BF /* AppDelegate.swift in Sources */ = {isa = PBXBuildFile; fileRef = C69DF9BA2AC082E800EF31BF /* AppDelegate.swift */; };
		C69DF9BD2AC082E800EF31BF /* GameScene.sks in Resources */ = {isa = PBXBuildFile; fileRef = C69DF9BC2AC082E800EF31BF /* GameScene.sks */; };
		C69DF9C12AC082E800EF31BF /* GameScene.swift in Sources */ = {isa = PBXBuildFile; fileRef = C69DF9C02AC082E800EF31BF /* GameScene.swift */; };
		C69DF9C32AC082E800EF31BF /* GameViewController.swift in Sources */ = {isa = PBXBuildFile; fileRef = C69DF9C22AC082E800EF31BF /* GameViewController.swift */; };
		C69DF9C62AC082E800EF31BF /* Main.storyboard in Resources */ = {isa = PBXBuildFile; fileRef = C69DF9C42AC082E800EF31BF /* Main.storyboard */; };
		C69DF9C82AC082EA00EF31BF /* Assets.xcassets in Resources */ = {isa = PBXBuildFile; fileRef = C69DF9C72AC082EA00EF31BF /* Assets.xcassets */; };
		C69DF9CB2AC082EA00EF31BF /* LaunchScreen.storyboard in Resources */ = {isa = PBXBuildFile; fileRef = C69DF9C92AC082EA00EF31BF /* LaunchScreen.storyboard */; };
		C69F96E72AD2DE4E00614C2E /* HeartList.swift in Sources */ = {isa = PBXBuildFile; fileRef = C69F96E62AD2DE4E00614C2E /* HeartList.swift */; };
		C69F96EA2AD30EB900614C2E /* Heart.swift in Sources */ = {isa = PBXBuildFile; fileRef = C69F96E92AD30EB900614C2E /* Heart.swift */; };
		C69F96EC2AD30ECE00614C2E /* HeartNode.swift in Sources */ = {isa = PBXBuildFile; fileRef = C69F96EB2AD30ECE00614C2E /* HeartNode.swift */; };
		C6DE36242ACEA9B200502D40 /* GameSceneProtocol.swift in Sources */ = {isa = PBXBuildFile; fileRef = C6DE36232ACEA9B200502D40 /* GameSceneProtocol.swift */; };
		C6DE362B2ACED31D00502D40 /* GameOverViewController.swift in Sources */ = {isa = PBXBuildFile; fileRef = C6DE362A2ACED31D00502D40 /* GameOverViewController.swift */; };
		C6DE362F2ACEE8D700502D40 /* LuckiestGuy-Regular.ttf in Resources */ = {isa = PBXBuildFile; fileRef = C6DE362E2ACEE8A400502D40 /* LuckiestGuy-Regular.ttf */; };
		C6ED1AB42ACFE8A70066B707 /* GameOverScreen.storyboard in Resources */ = {isa = PBXBuildFile; fileRef = C6ED1AB32ACFE8A70066B707 /* GameOverScreen.storyboard */; };
		C6ED1AB62ACFEAA20066B707 /* GameText.swift in Sources */ = {isa = PBXBuildFile; fileRef = C6ED1AB52ACFEAA20066B707 /* GameText.swift */; };
		C6ED1AB82AD00D740066B707 /* GameScreen.storyboard in Resources */ = {isa = PBXBuildFile; fileRef = C6ED1AB72AD00D740066B707 /* GameScreen.storyboard */; };
		C6ED1ABD2AD01A0B0066B707 /* PauseViewController.swift in Sources */ = {isa = PBXBuildFile; fileRef = C6ED1ABC2AD01A0B0066B707 /* PauseViewController.swift */; };
		C6ED1ABF2AD01A1E0066B707 /* PauseScreen.storyboard in Resources */ = {isa = PBXBuildFile; fileRef = C6ED1ABE2AD01A1E0066B707 /* PauseScreen.storyboard */; };
		C6ED1AC12AD023000066B707 /* PauseProtocol.swift in Sources */ = {isa = PBXBuildFile; fileRef = C6ED1AC02AD023000066B707 /* PauseProtocol.swift */; };
		C6ED1AC32AD045D20066B707 /* GameOverProtocol.swift in Sources */ = {isa = PBXBuildFile; fileRef = C6ED1AC22AD045D20066B707 /* GameOverProtocol.swift */; };
		C6ED1AC62AD0481A0066B707 /* SettingsViewController.swift in Sources */ = {isa = PBXBuildFile; fileRef = C6ED1AC52AD0481A0066B707 /* SettingsViewController.swift */; };
		C6ED1AC82AD0482B0066B707 /* SettingsScreen.storyboard in Resources */ = {isa = PBXBuildFile; fileRef = C6ED1AC72AD0482B0066B707 /* SettingsScreen.storyboard */; };
/* End PBXBuildFile section */

/* Begin PBXFileReference section */
		C63E7C182AD6EC3F002696DE /* RecordViewController.swift */ = {isa = PBXFileReference; lastKnownFileType = sourcecode.swift; path = RecordViewController.swift; sourceTree = "<group>"; };
		C63E7C1A2AD6EC46002696DE /* RecordScreen.storyboard */ = {isa = PBXFileReference; lastKnownFileType = file.storyboard; path = RecordScreen.storyboard; sourceTree = "<group>"; };
		C643D4272ACC134800373727 /* FruitsType.swift */ = {isa = PBXFileReference; lastKnownFileType = sourcecode.swift; path = FruitsType.swift; sourceTree = "<group>"; };
		C643D4292ACC143100373727 /* RareFruitsType.swift */ = {isa = PBXFileReference; lastKnownFileType = sourcecode.swift; path = RareFruitsType.swift; sourceTree = "<group>"; };
		C643D4342ACC535D00373727 /* RareFruitMock.swift */ = {isa = PBXFileReference; lastKnownFileType = sourcecode.swift; path = RareFruitMock.swift; sourceTree = "<group>"; };
		C647141F2AC4584200C31FC3 /* MainMenuViewController.swift */ = {isa = PBXFileReference; lastKnownFileType = sourcecode.swift; path = MainMenuViewController.swift; sourceTree = "<group>"; };
		C6486DE52AD7F26800A124EB /* Int.swift */ = {isa = PBXFileReference; lastKnownFileType = sourcecode.swift; path = Int.swift; sourceTree = "<group>"; };
		C6486DE72AD7F33600A124EB /* Bool.swift */ = {isa = PBXFileReference; lastKnownFileType = sourcecode.swift; path = Bool.swift; sourceTree = "<group>"; };
		C6486DE92AD7FD8600A124EB /* GameOverScene.swift */ = {isa = PBXFileReference; lastKnownFileType = sourcecode.swift; path = GameOverScene.swift; sourceTree = "<group>"; };
		C6486DEB2AD7FDD300A124EB /* GameOverScene.sks */ = {isa = PBXFileReference; lastKnownFileType = file.sks; path = GameOverScene.sks; sourceTree = "<group>"; };
		C6486DEF2AD801CB00A124EB /* collected.mp3 */ = {isa = PBXFileReference; lastKnownFileType = audio.mp3; path = collected.mp3; sourceTree = "<group>"; };
		C6486DF72AD83DD100A124EB /* GameAudio.swift */ = {isa = PBXFileReference; lastKnownFileType = sourcecode.swift; path = GameAudio.swift; sourceTree = "<group>"; };
		C649B3E12AD92D8900989FC7 /* background.mp3 */ = {isa = PBXFileReference; lastKnownFileType = audio.mp3; path = background.mp3; sourceTree = "<group>"; };
		C649B3E32AD9339700989FC7 /* game-over.wav */ = {isa = PBXFileReference; lastKnownFileType = audio.wav; path = "game-over.wav"; sourceTree = "<group>"; };
		C649B3E52AD9367800989FC7 /* switch-skin.mp3 */ = {isa = PBXFileReference; lastKnownFileType = audio.mp3; path = "switch-skin.mp3"; sourceTree = "<group>"; };
		C649B3E72AD93D2700989FC7 /* buy-skin.wav */ = {isa = PBXFileReference; lastKnownFileType = audio.wav; path = "buy-skin.wav"; sourceTree = "<group>"; };
		C64E04652AC5C57F004C00DF /* FruitCatNode.swift */ = {isa = PBXFileReference; lastKnownFileType = sourcecode.swift; path = FruitCatNode.swift; sourceTree = "<group>"; };
		C64E04672AC5C60C004C00DF /* FruitCat.swift */ = {isa = PBXFileReference; lastKnownFileType = sourcecode.swift; path = FruitCat.swift; sourceTree = "<group>"; };
		C651A6DC2AC71444002AC743 /* PhysicsCategory.swift */ = {isa = PBXFileReference; lastKnownFileType = sourcecode.swift; path = PhysicsCategory.swift; sourceTree = "<group>"; };
		C651A6DE2AC72262002AC743 /* Fruit.swift */ = {isa = PBXFileReference; lastKnownFileType = sourcecode.swift; path = Fruit.swift; sourceTree = "<group>"; };
		C651A6E02AC72311002AC743 /* FruitNode.swift */ = {isa = PBXFileReference; lastKnownFileType = sourcecode.swift; path = FruitNode.swift; sourceTree = "<group>"; };
		C656444A2AD4231700A82AC1 /* CGFloat.swift */ = {isa = PBXFileReference; lastKnownFileType = sourcecode.swift; path = CGFloat.swift; sourceTree = "<group>"; };
		C6643E092ACAA55400C2E9B7 /* Constants.swift */ = {isa = PBXFileReference; lastKnownFileType = sourcecode.swift; path = Constants.swift; sourceTree = "<group>"; };
		C6643E0B2ACAF09400C2E9B7 /* ButtonArrow.swift */ = {isa = PBXFileReference; lastKnownFileType = sourcecode.swift; path = ButtonArrow.swift; sourceTree = "<group>"; };
		C6643E0D2ACAF14600C2E9B7 /* ButtonArrowNode.swift */ = {isa = PBXFileReference; lastKnownFileType = sourcecode.swift; path = ButtonArrowNode.swift; sourceTree = "<group>"; };
		C6643E0F2ACAFC9F00C2E9B7 /* FruitsStorage.swift */ = {isa = PBXFileReference; lastKnownFileType = sourcecode.swift; path = FruitsStorage.swift; sourceTree = "<group>"; };
		C6643E112ACAFE8B00C2E9B7 /* RareFruit.swift */ = {isa = PBXFileReference; lastKnownFileType = sourcecode.swift; path = RareFruit.swift; sourceTree = "<group>"; };
		C6708D632AD573270056ED34 /* SkinsMock.swift */ = {isa = PBXFileReference; lastKnownFileType = sourcecode.swift; path = SkinsMock.swift; sourceTree = "<group>"; };
		C6708D662AD574970056ED34 /* SkinType.swift */ = {isa = PBXFileReference; lastKnownFileType = sourcecode.swift; path = SkinType.swift; sourceTree = "<group>"; };
		C6708D682AD5750D0056ED34 /* SkinProtocol.swift */ = {isa = PBXFileReference; lastKnownFileType = sourcecode.swift; path = SkinProtocol.swift; sourceTree = "<group>"; };
		C6708D6A2AD578770056ED34 /* Skin.swift */ = {isa = PBXFileReference; lastKnownFileType = sourcecode.swift; path = Skin.swift; sourceTree = "<group>"; };
		C6708D6C2AD578A80056ED34 /* RareFruitProtocol.swift */ = {isa = PBXFileReference; lastKnownFileType = sourcecode.swift; path = RareFruitProtocol.swift; sourceTree = "<group>"; };
		C69DF9B72AC082E800EF31BF /* Fruit-Cats.app */ = {isa = PBXFileReference; explicitFileType = wrapper.application; includeInIndex = 0; path = "Fruit-Cats.app"; sourceTree = BUILT_PRODUCTS_DIR; };
		C69DF9BA2AC082E800EF31BF /* AppDelegate.swift */ = {isa = PBXFileReference; lastKnownFileType = sourcecode.swift; path = AppDelegate.swift; sourceTree = "<group>"; };
		C69DF9BC2AC082E800EF31BF /* GameScene.sks */ = {isa = PBXFileReference; lastKnownFileType = file.sks; path = GameScene.sks; sourceTree = "<group>"; };
		C69DF9C02AC082E800EF31BF /* GameScene.swift */ = {isa = PBXFileReference; lastKnownFileType = sourcecode.swift; path = GameScene.swift; sourceTree = "<group>"; };
		C69DF9C22AC082E800EF31BF /* GameViewController.swift */ = {isa = PBXFileReference; lastKnownFileType = sourcecode.swift; path = GameViewController.swift; sourceTree = "<group>"; };
		C69DF9C52AC082E800EF31BF /* Base */ = {isa = PBXFileReference; lastKnownFileType = file.storyboard; name = Base; path = Base.lproj/Main.storyboard; sourceTree = "<group>"; };
		C69DF9C72AC082EA00EF31BF /* Assets.xcassets */ = {isa = PBXFileReference; lastKnownFileType = folder.assetcatalog; path = Assets.xcassets; sourceTree = "<group>"; };
		C69DF9CA2AC082EA00EF31BF /* Base */ = {isa = PBXFileReference; lastKnownFileType = file.storyboard; name = Base; path = Base.lproj/LaunchScreen.storyboard; sourceTree = "<group>"; };
		C69F96E62AD2DE4E00614C2E /* HeartList.swift */ = {isa = PBXFileReference; lastKnownFileType = sourcecode.swift; path = HeartList.swift; sourceTree = "<group>"; };
		C69F96E92AD30EB900614C2E /* Heart.swift */ = {isa = PBXFileReference; lastKnownFileType = sourcecode.swift; path = Heart.swift; sourceTree = "<group>"; };
		C69F96EB2AD30ECE00614C2E /* HeartNode.swift */ = {isa = PBXFileReference; lastKnownFileType = sourcecode.swift; path = HeartNode.swift; sourceTree = "<group>"; };
		C6DE36232ACEA9B200502D40 /* GameSceneProtocol.swift */ = {isa = PBXFileReference; lastKnownFileType = sourcecode.swift; path = GameSceneProtocol.swift; sourceTree = "<group>"; };
		C6DE36282ACED20300502D40 /* Info.plist */ = {isa = PBXFileReference; lastKnownFileType = text.plist; path = Info.plist; sourceTree = "<group>"; };
		C6DE362A2ACED31D00502D40 /* GameOverViewController.swift */ = {isa = PBXFileReference; lastKnownFileType = sourcecode.swift; path = GameOverViewController.swift; sourceTree = "<group>"; };
		C6DE362E2ACEE8A400502D40 /* LuckiestGuy-Regular.ttf */ = {isa = PBXFileReference; lastKnownFileType = file; path = "LuckiestGuy-Regular.ttf"; sourceTree = "<group>"; };
		C6ED1AB32ACFE8A70066B707 /* GameOverScreen.storyboard */ = {isa = PBXFileReference; lastKnownFileType = file.storyboard; path = GameOverScreen.storyboard; sourceTree = "<group>"; };
		C6ED1AB52ACFEAA20066B707 /* GameText.swift */ = {isa = PBXFileReference; lastKnownFileType = sourcecode.swift; path = GameText.swift; sourceTree = "<group>"; };
		C6ED1AB72AD00D740066B707 /* GameScreen.storyboard */ = {isa = PBXFileReference; lastKnownFileType = file.storyboard; path = GameScreen.storyboard; sourceTree = "<group>"; };
		C6ED1ABC2AD01A0B0066B707 /* PauseViewController.swift */ = {isa = PBXFileReference; lastKnownFileType = sourcecode.swift; path = PauseViewController.swift; sourceTree = "<group>"; };
		C6ED1ABE2AD01A1E0066B707 /* PauseScreen.storyboard */ = {isa = PBXFileReference; lastKnownFileType = file.storyboard; path = PauseScreen.storyboard; sourceTree = "<group>"; };
		C6ED1AC02AD023000066B707 /* PauseProtocol.swift */ = {isa = PBXFileReference; lastKnownFileType = sourcecode.swift; path = PauseProtocol.swift; sourceTree = "<group>"; };
		C6ED1AC22AD045D20066B707 /* GameOverProtocol.swift */ = {isa = PBXFileReference; lastKnownFileType = sourcecode.swift; path = GameOverProtocol.swift; sourceTree = "<group>"; };
		C6ED1AC52AD0481A0066B707 /* SettingsViewController.swift */ = {isa = PBXFileReference; lastKnownFileType = sourcecode.swift; path = SettingsViewController.swift; sourceTree = "<group>"; };
		C6ED1AC72AD0482B0066B707 /* SettingsScreen.storyboard */ = {isa = PBXFileReference; lastKnownFileType = file.storyboard; path = SettingsScreen.storyboard; sourceTree = "<group>"; };
/* End PBXFileReference section */

/* Begin PBXFrameworksBuildPhase section */
		C69DF9B42AC082E800EF31BF /* Frameworks */ = {
			isa = PBXFrameworksBuildPhase;
			buildActionMask = 2147483647;
			files = (
			);
			runOnlyForDeploymentPostprocessing = 0;
		};
/* End PBXFrameworksBuildPhase section */

/* Begin PBXGroup section */
		C63E7C162AD6996F002696DE /* Extensions */ = {
			isa = PBXGroup;
			children = (
				C656444A2AD4231700A82AC1 /* CGFloat.swift */,
				C6486DE52AD7F26800A124EB /* Int.swift */,
				C6486DE72AD7F33600A124EB /* Bool.swift */,
			);
			path = Extensions;
			sourceTree = "<group>";
		};
		C63E7C172AD6EC2B002696DE /* RecordViewController */ = {
			isa = PBXGroup;
			children = (
				C63E7C182AD6EC3F002696DE /* RecordViewController.swift */,
				C63E7C1A2AD6EC46002696DE /* RecordScreen.storyboard */,
			);
			path = RecordViewController;
			sourceTree = "<group>";
		};
		C643D42C2ACC14BD00373727 /* Services */ = {
			isa = PBXGroup;
			children = (
				C6643E0F2ACAFC9F00C2E9B7 /* FruitsStorage.swift */,
				C643D4342ACC535D00373727 /* RareFruitMock.swift */,
				C6708D632AD573270056ED34 /* SkinsMock.swift */,
				C6486DF72AD83DD100A124EB /* GameAudio.swift */,
			);
			path = Services;
			sourceTree = "<group>";
		};
		C643D42D2ACC14FE00373727 /* Buttons */ = {
			isa = PBXGroup;
			children = (
				C6643E0B2ACAF09400C2E9B7 /* ButtonArrow.swift */,
			);
			path = Buttons;
			sourceTree = "<group>";
		};
		C643D42E2ACC158F00373727 /* Fruits */ = {
			isa = PBXGroup;
			children = (
				C643D4272ACC134800373727 /* FruitsType.swift */,
				C651A6DE2AC72262002AC743 /* Fruit.swift */,
				C6643E112ACAFE8B00C2E9B7 /* RareFruit.swift */,
				C643D4292ACC143100373727 /* RareFruitsType.swift */,
				C6708D6C2AD578A80056ED34 /* RareFruitProtocol.swift */,
			);
			path = Fruits;
			sourceTree = "<group>";
		};
		C647141E2AC457EC00C31FC3 /* Screens */ = {
			isa = PBXGroup;
			children = (
				C69DF9C92AC082EA00EF31BF /* LaunchScreen.storyboard */,
				C64E046A2AC5D1F6004C00DF /* MainViewController */,
				C63E7C172AD6EC2B002696DE /* RecordViewController */,
				C6ED1AC42AD048070066B707 /* SettingsViewController */,
				C64E046B2AC5D20D004C00DF /* GameViewController */,
				C68173E12ACDB44100C11E50 /* GameScene */,
				C6ED1ABB2AD019E00066B707 /* PauseViewController */,
				C6486DED2AD7FF1B00A124EB /* GameOverScene */,
				C6DE36292ACED2D000502D40 /* GameOverViewController */,
			);
			path = Screens;
			sourceTree = "<group>";
		};
		C6486DED2AD7FF1B00A124EB /* GameOverScene */ = {
			isa = PBXGroup;
			children = (
				C6486DE92AD7FD8600A124EB /* GameOverScene.swift */,
				C6486DEB2AD7FDD300A124EB /* GameOverScene.sks */,
			);
			path = GameOverScene;
			sourceTree = "<group>";
		};
		C6486DEE2AD7FFD400A124EB /* Sound */ = {
			isa = PBXGroup;
			children = (
				C649B3E72AD93D2700989FC7 /* buy-skin.wav */,
				C649B3E52AD9367800989FC7 /* switch-skin.mp3 */,
				C6486DEF2AD801CB00A124EB /* collected.mp3 */,
				C649B3E12AD92D8900989FC7 /* background.mp3 */,
				C649B3E32AD9339700989FC7 /* game-over.wav */,
			);
			path = Sound;
			sourceTree = "<group>";
		};
		C64E04632AC59B8A004C00DF /* Resources */ = {
			isa = PBXGroup;
			children = (
				C6486DEE2AD7FFD400A124EB /* Sound */,
				C6DE36252ACED0BB00502D40 /* Fonts */,
				C69DF9C72AC082EA00EF31BF /* Assets.xcassets */,
			);
			path = Resources;
			sourceTree = "<group>";
		};
		C64E04642AC5C564004C00DF /* Model */ = {
			isa = PBXGroup;
			children = (
				C6708D652AD5747B0056ED34 /* Skins */,
				C69F96E82AD30E9C00614C2E /* Hearts */,
				C643D42E2ACC158F00373727 /* Fruits */,
				C643D42D2ACC14FE00373727 /* Buttons */,
				C64E04672AC5C60C004C00DF /* FruitCat.swift */,
			);
			path = Model;
			sourceTree = "<group>";
		};
		C64E04692AC5C6FD004C00DF /* Nodes */ = {
			isa = PBXGroup;
			children = (
				C64E04652AC5C57F004C00DF /* FruitCatNode.swift */,
				C651A6E02AC72311002AC743 /* FruitNode.swift */,
				C6643E0D2ACAF14600C2E9B7 /* ButtonArrowNode.swift */,
				C69F96EB2AD30ECE00614C2E /* HeartNode.swift */,
			);
			path = Nodes;
			sourceTree = "<group>";
		};
		C64E046A2AC5D1F6004C00DF /* MainViewController */ = {
			isa = PBXGroup;
			children = (
				C69DF9C42AC082E800EF31BF /* Main.storyboard */,
				C647141F2AC4584200C31FC3 /* MainMenuViewController.swift */,
			);
			path = MainViewController;
			sourceTree = "<group>";
		};
		C64E046B2AC5D20D004C00DF /* GameViewController */ = {
			isa = PBXGroup;
			children = (
				C69DF9C22AC082E800EF31BF /* GameViewController.swift */,
				C6ED1AB72AD00D740066B707 /* GameScreen.storyboard */,
			);
			path = GameViewController;
			sourceTree = "<group>";
		};
		C651A6DB2AC71436002AC743 /* Helpers */ = {
			isa = PBXGroup;
			children = (
				C63E7C162AD6996F002696DE /* Extensions */,
				C651A6DC2AC71444002AC743 /* PhysicsCategory.swift */,
				C6643E092ACAA55400C2E9B7 /* Constants.swift */,
				C6ED1AB52ACFEAA20066B707 /* GameText.swift */,
			);
			path = Helpers;
			sourceTree = "<group>";
		};
		C6708D652AD5747B0056ED34 /* Skins */ = {
			isa = PBXGroup;
			children = (
				C6708D662AD574970056ED34 /* SkinType.swift */,
				C6708D682AD5750D0056ED34 /* SkinProtocol.swift */,
				C6708D6A2AD578770056ED34 /* Skin.swift */,
			);
			path = Skins;
			sourceTree = "<group>";
		};
		C68173E12ACDB44100C11E50 /* GameScene */ = {
			isa = PBXGroup;
			children = (
				C69DF9C02AC082E800EF31BF /* GameScene.swift */,
				C69DF9BC2AC082E800EF31BF /* GameScene.sks */,
				C6DE36232ACEA9B200502D40 /* GameSceneProtocol.swift */,
			);
			path = GameScene;
			sourceTree = "<group>";
		};
		C69DF9AE2AC082E800EF31BF = {
			isa = PBXGroup;
			children = (
				C69DF9B92AC082E800EF31BF /* Yummy-Fruits */,
				C69DF9B82AC082E800EF31BF /* Products */,
			);
			sourceTree = "<group>";
		};
		C69DF9B82AC082E800EF31BF /* Products */ = {
			isa = PBXGroup;
			children = (
				C69DF9B72AC082E800EF31BF /* Fruit-Cats.app */,
			);
			name = Products;
			sourceTree = "<group>";
		};
		C69DF9B92AC082E800EF31BF /* Yummy-Fruits */ = {
			isa = PBXGroup;
			children = (
				C6DE36282ACED20300502D40 /* Info.plist */,
				C643D42C2ACC14BD00373727 /* Services */,
				C651A6DB2AC71436002AC743 /* Helpers */,
				C64E04692AC5C6FD004C00DF /* Nodes */,
				C64E04642AC5C564004C00DF /* Model */,
				C64E04632AC59B8A004C00DF /* Resources */,
				C647141E2AC457EC00C31FC3 /* Screens */,
				C69DF9BA2AC082E800EF31BF /* AppDelegate.swift */,
			);
			path = "Yummy-Fruits";
			sourceTree = "<group>";
		};
		C69F96E82AD30E9C00614C2E /* Hearts */ = {
			isa = PBXGroup;
			children = (
				C69F96E62AD2DE4E00614C2E /* HeartList.swift */,
				C69F96E92AD30EB900614C2E /* Heart.swift */,
			);
			path = Hearts;
			sourceTree = "<group>";
		};
		C6DE36252ACED0BB00502D40 /* Fonts */ = {
			isa = PBXGroup;
			children = (
				C6DE362E2ACEE8A400502D40 /* LuckiestGuy-Regular.ttf */,
			);
			path = Fonts;
			sourceTree = "<group>";
		};
		C6DE36292ACED2D000502D40 /* GameOverViewController */ = {
			isa = PBXGroup;
			children = (
				C6DE362A2ACED31D00502D40 /* GameOverViewController.swift */,
				C6ED1AB32ACFE8A70066B707 /* GameOverScreen.storyboard */,
				C6ED1AC22AD045D20066B707 /* GameOverProtocol.swift */,
			);
			path = GameOverViewController;
			sourceTree = "<group>";
		};
		C6ED1ABB2AD019E00066B707 /* PauseViewController */ = {
			isa = PBXGroup;
			children = (
				C6ED1ABC2AD01A0B0066B707 /* PauseViewController.swift */,
				C6ED1ABE2AD01A1E0066B707 /* PauseScreen.storyboard */,
				C6ED1AC02AD023000066B707 /* PauseProtocol.swift */,
			);
			path = PauseViewController;
			sourceTree = "<group>";
		};
		C6ED1AC42AD048070066B707 /* SettingsViewController */ = {
			isa = PBXGroup;
			children = (
				C6ED1AC52AD0481A0066B707 /* SettingsViewController.swift */,
				C6ED1AC72AD0482B0066B707 /* SettingsScreen.storyboard */,
			);
			path = SettingsViewController;
			sourceTree = "<group>";
		};
/* End PBXGroup section */

/* Begin PBXNativeTarget section */
		C69DF9B62AC082E800EF31BF /* Fruit-Cats */ = {
			isa = PBXNativeTarget;
			buildConfigurationList = C69DF9CE2AC082EA00EF31BF /* Build configuration list for PBXNativeTarget "Fruit-Cats" */;
			buildPhases = (
				C69DF9B32AC082E800EF31BF /* Sources */,
				C69DF9B42AC082E800EF31BF /* Frameworks */,
				C69DF9B52AC082E800EF31BF /* Resources */,
			);
			buildRules = (
			);
			dependencies = (
			);
			name = "Fruit-Cats";
			productName = "Fruit-Cats";
			productReference = C69DF9B72AC082E800EF31BF /* Fruit-Cats.app */;
			productType = "com.apple.product-type.application";
		};
/* End PBXNativeTarget section */

/* Begin PBXProject section */
		C69DF9AF2AC082E800EF31BF /* Project object */ = {
			isa = PBXProject;
			attributes = {
				BuildIndependentTargetsInParallel = 1;
				LastSwiftUpdateCheck = 1500;
				LastUpgradeCheck = 1500;
				TargetAttributes = {
					C69DF9B62AC082E800EF31BF = {
						CreatedOnToolsVersion = 15.0;
					};
				};
			};
			buildConfigurationList = C69DF9B22AC082E800EF31BF /* Build configuration list for PBXProject "Yummy-Fruits" */;
			compatibilityVersion = "Xcode 14.0";
			developmentRegion = en;
			hasScannedForEncodings = 0;
			knownRegions = (
				en,
				Base,
			);
			mainGroup = C69DF9AE2AC082E800EF31BF;
			productRefGroup = C69DF9B82AC082E800EF31BF /* Products */;
			projectDirPath = "";
			projectRoot = "";
			targets = (
				C69DF9B62AC082E800EF31BF /* Fruit-Cats */,
			);
		};
/* End PBXProject section */

/* Begin PBXResourcesBuildPhase section */
		C69DF9B52AC082E800EF31BF /* Resources */ = {
			isa = PBXResourcesBuildPhase;
			buildActionMask = 2147483647;
			files = (
				C649B3E62AD9367800989FC7 /* switch-skin.mp3 in Resources */,
				C69DF9C62AC082E800EF31BF /* Main.storyboard in Resources */,
				C6ED1AC82AD0482B0066B707 /* SettingsScreen.storyboard in Resources */,
				C649B3E42AD9339700989FC7 /* game-over.wav in Resources */,
				C69DF9BD2AC082E800EF31BF /* GameScene.sks in Resources */,
				C69DF9C82AC082EA00EF31BF /* Assets.xcassets in Resources */,
				C69DF9CB2AC082EA00EF31BF /* LaunchScreen.storyboard in Resources */,
				C6ED1ABF2AD01A1E0066B707 /* PauseScreen.storyboard in Resources */,
				C649B3E22AD92D8900989FC7 /* background.mp3 in Resources */,
				C6ED1AB82AD00D740066B707 /* GameScreen.storyboard in Resources */,
				C6486DF02AD801CB00A124EB /* collected.mp3 in Resources */,
				C6ED1AB42ACFE8A70066B707 /* GameOverScreen.storyboard in Resources */,
				C6DE362F2ACEE8D700502D40 /* LuckiestGuy-Regular.ttf in Resources */,
				C6486DEC2AD7FDD300A124EB /* GameOverScene.sks in Resources */,
				C63E7C1B2AD6EC46002696DE /* RecordScreen.storyboard in Resources */,
				C649B3E82AD93D2700989FC7 /* buy-skin.wav in Resources */,
			);
			runOnlyForDeploymentPostprocessing = 0;
		};
/* End PBXResourcesBuildPhase section */

/* Begin PBXSourcesBuildPhase section */
		C69DF9B32AC082E800EF31BF /* Sources */ = {
			isa = PBXSourcesBuildPhase;
			buildActionMask = 2147483647;
			files = (
				C651A6DF2AC72262002AC743 /* Fruit.swift in Sources */,
				C64E04662AC5C57F004C00DF /* FruitCatNode.swift in Sources */,
				C643D42A2ACC143100373727 /* RareFruitsType.swift in Sources */,
				C6708D692AD5750D0056ED34 /* SkinProtocol.swift in Sources */,
				C64E04682AC5C60C004C00DF /* FruitCat.swift in Sources */,
				C6486DE82AD7F33600A124EB /* Bool.swift in Sources */,
				C651A6E12AC72311002AC743 /* FruitNode.swift in Sources */,
				C643D4352ACC535D00373727 /* RareFruitMock.swift in Sources */,
				C69F96EA2AD30EB900614C2E /* Heart.swift in Sources */,
				C6DE36242ACEA9B200502D40 /* GameSceneProtocol.swift in Sources */,
				C63E7C192AD6EC3F002696DE /* RecordViewController.swift in Sources */,
				C6708D642AD573270056ED34 /* SkinsMock.swift in Sources */,
				C6ED1AC62AD0481A0066B707 /* SettingsViewController.swift in Sources */,
				C69F96EC2AD30ECE00614C2E /* HeartNode.swift in Sources */,
				C6ED1ABD2AD01A0B0066B707 /* PauseViewController.swift in Sources */,
				C6ED1AC32AD045D20066B707 /* GameOverProtocol.swift in Sources */,
				C6ED1AB62ACFEAA20066B707 /* GameText.swift in Sources */,
				C6643E122ACAFE8B00C2E9B7 /* RareFruit.swift in Sources */,
				C6486DF82AD83DD100A124EB /* GameAudio.swift in Sources */,
				C6486DE62AD7F26800A124EB /* Int.swift in Sources */,
				C69DF9C12AC082E800EF31BF /* GameScene.swift in Sources */,
				C6486DEA2AD7FD8600A124EB /* GameOverScene.swift in Sources */,
				C6DE362B2ACED31D00502D40 /* GameOverViewController.swift in Sources */,
				C6643E0E2ACAF14600C2E9B7 /* ButtonArrowNode.swift in Sources */,
				C6643E0C2ACAF09400C2E9B7 /* ButtonArrow.swift in Sources */,
				C6643E0A2ACAA55400C2E9B7 /* Constants.swift in Sources */,
				C6708D672AD574970056ED34 /* SkinType.swift in Sources */,
				C69F96E72AD2DE4E00614C2E /* HeartList.swift in Sources */,
				C69DF9C32AC082E800EF31BF /* GameViewController.swift in Sources */,
				C64714202AC4584200C31FC3 /* MainMenuViewController.swift in Sources */,
				C643D4282ACC134800373727 /* FruitsType.swift in Sources */,
				C6708D6B2AD578770056ED34 /* Skin.swift in Sources */,
				C69DF9BB2AC082E800EF31BF /* AppDelegate.swift in Sources */,
				C6643E102ACAFC9F00C2E9B7 /* FruitsStorage.swift in Sources */,
				C6708D6D2AD578A80056ED34 /* RareFruitProtocol.swift in Sources */,
				C6ED1AC12AD023000066B707 /* PauseProtocol.swift in Sources */,
				C651A6DD2AC71444002AC743 /* PhysicsCategory.swift in Sources */,
				C656444B2AD4231700A82AC1 /* CGFloat.swift in Sources */,
			);
			runOnlyForDeploymentPostprocessing = 0;
		};
/* End PBXSourcesBuildPhase section */

/* Begin PBXVariantGroup section */
		C69DF9C42AC082E800EF31BF /* Main.storyboard */ = {
			isa = PBXVariantGroup;
			children = (
				C69DF9C52AC082E800EF31BF /* Base */,
			);
			name = Main.storyboard;
			sourceTree = "<group>";
		};
		C69DF9C92AC082EA00EF31BF /* LaunchScreen.storyboard */ = {
			isa = PBXVariantGroup;
			children = (
				C69DF9CA2AC082EA00EF31BF /* Base */,
			);
			name = LaunchScreen.storyboard;
			sourceTree = "<group>";
		};
/* End PBXVariantGroup section */

/* Begin XCBuildConfiguration section */
		C69DF9CC2AC082EA00EF31BF /* Debug */ = {
			isa = XCBuildConfiguration;
			buildSettings = {
				ALWAYS_SEARCH_USER_PATHS = NO;
				ASSETCATALOG_COMPILER_GENERATE_SWIFT_ASSET_SYMBOL_EXTENSIONS = YES;
				CLANG_ANALYZER_NONNULL = YES;
				CLANG_ANALYZER_NUMBER_OBJECT_CONVERSION = YES_AGGRESSIVE;
				CLANG_CXX_LANGUAGE_STANDARD = "gnu++20";
				CLANG_ENABLE_MODULES = YES;
				CLANG_ENABLE_OBJC_ARC = YES;
				CLANG_ENABLE_OBJC_WEAK = YES;
				CLANG_WARN_BLOCK_CAPTURE_AUTORELEASING = YES;
				CLANG_WARN_BOOL_CONVERSION = YES;
				CLANG_WARN_COMMA = YES;
				CLANG_WARN_CONSTANT_CONVERSION = YES;
				CLANG_WARN_DEPRECATED_OBJC_IMPLEMENTATIONS = YES;
				CLANG_WARN_DIRECT_OBJC_ISA_USAGE = YES_ERROR;
				CLANG_WARN_DOCUMENTATION_COMMENTS = YES;
				CLANG_WARN_EMPTY_BODY = YES;
				CLANG_WARN_ENUM_CONVERSION = YES;
				CLANG_WARN_INFINITE_RECURSION = YES;
				CLANG_WARN_INT_CONVERSION = YES;
				CLANG_WARN_NON_LITERAL_NULL_CONVERSION = YES;
				CLANG_WARN_OBJC_IMPLICIT_RETAIN_SELF = YES;
				CLANG_WARN_OBJC_LITERAL_CONVERSION = YES;
				CLANG_WARN_OBJC_ROOT_CLASS = YES_ERROR;
				CLANG_WARN_QUOTED_INCLUDE_IN_FRAMEWORK_HEADER = YES;
				CLANG_WARN_RANGE_LOOP_ANALYSIS = YES;
				CLANG_WARN_STRICT_PROTOTYPES = YES;
				CLANG_WARN_SUSPICIOUS_MOVE = YES;
				CLANG_WARN_UNGUARDED_AVAILABILITY = YES_AGGRESSIVE;
				CLANG_WARN_UNREACHABLE_CODE = YES;
				CLANG_WARN__DUPLICATE_METHOD_MATCH = YES;
				COPY_PHASE_STRIP = NO;
				DEBUG_INFORMATION_FORMAT = dwarf;
				ENABLE_STRICT_OBJC_MSGSEND = YES;
				ENABLE_TESTABILITY = YES;
				ENABLE_USER_SCRIPT_SANDBOXING = YES;
				GCC_C_LANGUAGE_STANDARD = gnu17;
				GCC_DYNAMIC_NO_PIC = NO;
				GCC_NO_COMMON_BLOCKS = YES;
				GCC_OPTIMIZATION_LEVEL = 0;
				GCC_PREPROCESSOR_DEFINITIONS = (
					"DEBUG=1",
					"$(inherited)",
				);
				GCC_WARN_64_TO_32_BIT_CONVERSION = YES;
				GCC_WARN_ABOUT_RETURN_TYPE = YES_ERROR;
				GCC_WARN_UNDECLARED_SELECTOR = YES;
				GCC_WARN_UNINITIALIZED_AUTOS = YES_AGGRESSIVE;
				GCC_WARN_UNUSED_FUNCTION = YES;
				GCC_WARN_UNUSED_VARIABLE = YES;
				IPHONEOS_DEPLOYMENT_TARGET = 17.0;
				LOCALIZATION_PREFERS_STRING_CATALOGS = YES;
				MTL_ENABLE_DEBUG_INFO = INCLUDE_SOURCE;
				MTL_FAST_MATH = YES;
				ONLY_ACTIVE_ARCH = YES;
				SDKROOT = iphoneos;
				SWIFT_ACTIVE_COMPILATION_CONDITIONS = "DEBUG $(inherited)";
				SWIFT_OPTIMIZATION_LEVEL = "-Onone";
			};
			name = Debug;
		};
		C69DF9CD2AC082EA00EF31BF /* Release */ = {
			isa = XCBuildConfiguration;
			buildSettings = {
				ALWAYS_SEARCH_USER_PATHS = NO;
				ASSETCATALOG_COMPILER_GENERATE_SWIFT_ASSET_SYMBOL_EXTENSIONS = YES;
				CLANG_ANALYZER_NONNULL = YES;
				CLANG_ANALYZER_NUMBER_OBJECT_CONVERSION = YES_AGGRESSIVE;
				CLANG_CXX_LANGUAGE_STANDARD = "gnu++20";
				CLANG_ENABLE_MODULES = YES;
				CLANG_ENABLE_OBJC_ARC = YES;
				CLANG_ENABLE_OBJC_WEAK = YES;
				CLANG_WARN_BLOCK_CAPTURE_AUTORELEASING = YES;
				CLANG_WARN_BOOL_CONVERSION = YES;
				CLANG_WARN_COMMA = YES;
				CLANG_WARN_CONSTANT_CONVERSION = YES;
				CLANG_WARN_DEPRECATED_OBJC_IMPLEMENTATIONS = YES;
				CLANG_WARN_DIRECT_OBJC_ISA_USAGE = YES_ERROR;
				CLANG_WARN_DOCUMENTATION_COMMENTS = YES;
				CLANG_WARN_EMPTY_BODY = YES;
				CLANG_WARN_ENUM_CONVERSION = YES;
				CLANG_WARN_INFINITE_RECURSION = YES;
				CLANG_WARN_INT_CONVERSION = YES;
				CLANG_WARN_NON_LITERAL_NULL_CONVERSION = YES;
				CLANG_WARN_OBJC_IMPLICIT_RETAIN_SELF = YES;
				CLANG_WARN_OBJC_LITERAL_CONVERSION = YES;
				CLANG_WARN_OBJC_ROOT_CLASS = YES_ERROR;
				CLANG_WARN_QUOTED_INCLUDE_IN_FRAMEWORK_HEADER = YES;
				CLANG_WARN_RANGE_LOOP_ANALYSIS = YES;
				CLANG_WARN_STRICT_PROTOTYPES = YES;
				CLANG_WARN_SUSPICIOUS_MOVE = YES;
				CLANG_WARN_UNGUARDED_AVAILABILITY = YES_AGGRESSIVE;
				CLANG_WARN_UNREACHABLE_CODE = YES;
				CLANG_WARN__DUPLICATE_METHOD_MATCH = YES;
				COPY_PHASE_STRIP = NO;
				DEBUG_INFORMATION_FORMAT = "dwarf-with-dsym";
				ENABLE_NS_ASSERTIONS = NO;
				ENABLE_STRICT_OBJC_MSGSEND = YES;
				ENABLE_USER_SCRIPT_SANDBOXING = YES;
				GCC_C_LANGUAGE_STANDARD = gnu17;
				GCC_NO_COMMON_BLOCKS = YES;
				GCC_WARN_64_TO_32_BIT_CONVERSION = YES;
				GCC_WARN_ABOUT_RETURN_TYPE = YES_ERROR;
				GCC_WARN_UNDECLARED_SELECTOR = YES;
				GCC_WARN_UNINITIALIZED_AUTOS = YES_AGGRESSIVE;
				GCC_WARN_UNUSED_FUNCTION = YES;
				GCC_WARN_UNUSED_VARIABLE = YES;
				IPHONEOS_DEPLOYMENT_TARGET = 17.0;
				LOCALIZATION_PREFERS_STRING_CATALOGS = YES;
				MTL_ENABLE_DEBUG_INFO = NO;
				MTL_FAST_MATH = YES;
				SDKROOT = iphoneos;
				SWIFT_COMPILATION_MODE = wholemodule;
				VALIDATE_PRODUCT = YES;
			};
			name = Release;
		};
		C69DF9CF2AC082EA00EF31BF /* Debug */ = {
			isa = XCBuildConfiguration;
			buildSettings = {
				ASSETCATALOG_COMPILER_APPICON_NAME = AppIcon;
				ASSETCATALOG_COMPILER_GLOBAL_ACCENT_COLOR_NAME = AccentColor;
				CODE_SIGN_STYLE = Automatic;
				CURRENT_PROJECT_VERSION = 1;
				DEVELOPMENT_TEAM = YB22355TMP;
				GENERATE_INFOPLIST_FILE = YES;
				INFOPLIST_FILE = "Fruit-Cats/Info.plist";
				INFOPLIST_KEY_CFBundleDisplayName = "Yummy Fruits";
				INFOPLIST_KEY_UIApplicationSupportsIndirectInputEvents = YES;
				INFOPLIST_KEY_UILaunchStoryboardName = LaunchScreen;
				INFOPLIST_KEY_UIMainStoryboardFile = Main;
				INFOPLIST_KEY_UIStatusBarHidden = YES;
				INFOPLIST_KEY_UISupportedInterfaceOrientations = UIInterfaceOrientationPortrait;
				INFOPLIST_KEY_UISupportedInterfaceOrientations_iPad = "UIInterfaceOrientationLandscapeLeft UIInterfaceOrientationLandscapeRight UIInterfaceOrientationPortrait UIInterfaceOrientationPortraitUpsideDown";
				IPHONEOS_DEPLOYMENT_TARGET = 14.0;
				LD_RUNPATH_SEARCH_PATHS = (
					"$(inherited)",
					"@executable_path/Frameworks",
				);
				MARKETING_VERSION = 1.0;
				PRODUCT_BUNDLE_IDENTIFIER = com.xd.rotaeno.googlepla;
				PRODUCT_NAME = "$(TARGET_NAME)";
				SUPPORTED_PLATFORMS = "iphoneos iphonesimulator";
				SUPPORTS_MACCATALYST = NO;
				SUPPORTS_MAC_DESIGNED_FOR_IPHONE_IPAD = NO;
				SWIFT_EMIT_LOC_STRINGS = YES;
				SWIFT_VERSION = 5.0;
				TARGETED_DEVICE_FAMILY = 1;
			};
			name = Debug;
		};
		C69DF9D02AC082EA00EF31BF /* Release */ = {
			isa = XCBuildConfiguration;
			buildSettings = {
				ASSETCATALOG_COMPILER_APPICON_NAME = AppIcon;
				ASSETCATALOG_COMPILER_GLOBAL_ACCENT_COLOR_NAME = AccentColor;
				CODE_SIGN_STYLE = Automatic;
				CURRENT_PROJECT_VERSION = 1;
				DEVELOPMENT_TEAM = YB22355TMP;
				GENERATE_INFOPLIST_FILE = YES;
				INFOPLIST_FILE = "Fruit-Cats/Info.plist";
				INFOPLIST_KEY_CFBundleDisplayName = "Yummy Fruits";
				INFOPLIST_KEY_UIApplicationSupportsIndirectInputEvents = YES;
				INFOPLIST_KEY_UILaunchStoryboardName = LaunchScreen;
				INFOPLIST_KEY_UIMainStoryboardFile = Main;
				INFOPLIST_KEY_UIStatusBarHidden = YES;
				INFOPLIST_KEY_UISupportedInterfaceOrientations = UIInterfaceOrientationPortrait;
				INFOPLIST_KEY_UISupportedInterfaceOrientations_iPad = "UIInterfaceOrientationLandscapeLeft UIInterfaceOrientationLandscapeRight UIInterfaceOrientationPortrait UIInterfaceOrientationPortraitUpsideDown";
				IPHONEOS_DEPLOYMENT_TARGET = 14.0;
				LD_RUNPATH_SEARCH_PATHS = (
					"$(inherited)",
					"@executable_path/Frameworks",
				);
				MARKETING_VERSION = 1.0;
				PRODUCT_BUNDLE_IDENTIFIER = com.xd.rotaeno.googlepla;
				PRODUCT_NAME = "$(TARGET_NAME)";
				SUPPORTED_PLATFORMS = "iphoneos iphonesimulator";
				SUPPORTS_MACCATALYST = NO;
				SUPPORTS_MAC_DESIGNED_FOR_IPHONE_IPAD = NO;
				SWIFT_EMIT_LOC_STRINGS = YES;
				SWIFT_VERSION = 5.0;
				TARGETED_DEVICE_FAMILY = 1;
			};
			name = Release;
		};
/* End XCBuildConfiguration section */

/* Begin XCConfigurationList section */
		C69DF9B22AC082E800EF31BF /* Build configuration list for PBXProject "Yummy-Fruits" */ = {
			isa = XCConfigurationList;
			buildConfigurations = (
				C69DF9CC2AC082EA00EF31BF /* Debug */,
				C69DF9CD2AC082EA00EF31BF /* Release */,
			);
			defaultConfigurationIsVisible = 0;
			defaultConfigurationName = Release;
		};
		C69DF9CE2AC082EA00EF31BF /* Build configuration list for PBXNativeTarget "Fruit-Cats" */ = {
			isa = XCConfigurationList;
			buildConfigurations = (
				C69DF9CF2AC082EA00EF31BF /* Debug */,
				C69DF9D02AC082EA00EF31BF /* Release */,
			);
			defaultConfigurationIsVisible = 0;
			defaultConfigurationName = Release;
		};
/* End XCConfigurationList section */
	};
	rootObject = C69DF9AF2AC082E800EF31BF /* Project object */;
}
